
Microsoft Visual Studio Solution File, Format Version 12.00
# Visual Studio Version 16
VisualStudioVersion = 16.0.29306.81
MinimumVisualStudioVersion = 10.0.40219.1
Project("{9A19103F-16F7-4668-BE54-9A1E7A4F7556}") = "FighterAPI", "FighterAPI\FighterAPI.csproj", "{5F772A5D-4DF1-4496-9244-1B5FDCC94A9B}"
EndProject
Project("{FAE04EC0-301F-11D3-BF4B-00C04F79EFBC}") = "DataAccessLayer", "DataAccessLayer\DataAccessLayer.csproj", "{F66E2D4C-0C5F-40FF-B3A4-EDE0C3BB53BD}"
EndProject
Project("{FAE04EC0-301F-11D3-BF4B-00C04F79EFBC}") = "ServiceLayer", "ServiceLayer\ServiceLayer.csproj", "{482973B1-9A30-44EF-B42C-73C5D50100CE}"
EndProject
Global
	GlobalSection(SolutionConfigurationPlatforms) = preSolution
		Debug|Any CPU = Debug|Any CPU
		Release|Any CPU = Release|Any CPU
	EndGlobalSection
	GlobalSection(ProjectConfigurationPlatforms) = postSolution
		{5F772A5D-4DF1-4496-9244-1B5FDCC94A9B}.Debug|Any CPU.ActiveCfg = Debug|Any CPU
		{5F772A5D-4DF1-4496-9244-1B5FDCC94A9B}.Debug|Any CPU.Build.0 = Debug|Any CPU
		{5F772A5D-4DF1-4496-9244-1B5FDCC94A9B}.Release|Any CPU.ActiveCfg = Release|Any CPU
		{5F772A5D-4DF1-4496-9244-1B5FDCC94A9B}.Release|Any CPU.Build.0 = Release|Any CPU
		{F66E2D4C-0C5F-40FF-B3A4-EDE0C3BB53BD}.Debug|Any CPU.ActiveCfg = Debug|Any CPU
		{F66E2D4C-0C5F-40FF-B3A4-EDE0C3BB53BD}.Debug|Any CPU.Build.0 = Debug|Any CPU
		{F66E2D4C-0C5F-40FF-B3A4-EDE0C3BB53BD}.Release|Any CPU.ActiveCfg = Release|Any CPU
		{F66E2D4C-0C5F-40FF-B3A4-EDE0C3BB53BD}.Release|Any CPU.Build.0 = Release|Any CPU
		{482973B1-9A30-44EF-B42C-73C5D50100CE}.Debug|Any CPU.ActiveCfg = Debug|Any CPU
		{482973B1-9A30-44EF-B42C-73C5D50100CE}.Debug|Any CPU.Build.0 = Debug|Any CPU
		{482973B1-9A30-44EF-B42C-73C5D50100CE}.Release|Any CPU.ActiveCfg = Release|Any CPU
		{482973B1-9A30-44EF-B42C-73C5D50100CE}.Release|Any CPU.Build.0 = Release|Any CPU
	EndGlobalSection
	GlobalSection(SolutionProperties) = preSolution
		HideSolutionNode = FALSE
	EndGlobalSection
	GlobalSection(ExtensibilityGlobals) = postSolution
		SolutionGuid = {8BB59505-C12E-4214-A893-F49CE333F3AA}
	EndGlobalSection
EndGlobal
